# This file is autogenerated, do not edit; changes may be undone by the next 'dep ensure'.


[[projects]]
  branch = "master"
  name = "golang.org/x/sys"
  packages = ["windows"]
  revision = "314a259e304ff91bd6985da2a7149bbf91237993"

[solve-meta]
  analyzer-name = "dep"
  analyzer-version = 1
  inputs-digest = "e8a2bdb21752c6c711a52d662ad215c85e1ab5ae8e4e33c25622c9ccda949d54"
  solver-name = "gps-cdcl"
  solver-version = 1
